
Microsoft Visual Studio Solution File, Format Version 12.00
# Visual Studio Version 17
VisualStudioVersion = 17.11.35327.3
MinimumVisualStudioVersion = 10.0.40219.1
Project("{FAE04EC0-301F-11D3-BF4B-00C04F79EFBC}") = "Gina", "Gina.csproj", "{33A7D077-6DB6-4CED-9FF4-A13F41B5DBF1}"
EndProject
Global
	GlobalSection(SolutionConfigurationPlatforms) = preSolution
		Debug|Any CPU = Debug|Any CPU
		Release|Any CPU = Release|Any CPU
	EndGlobalSection
	GlobalSection(ProjectConfigurationPlatforms) = postSolution
		{33A7D077-6DB6-4CED-9FF4-A13F41B5DBF1}.Debug|Any CPU.ActiveCfg = Debug|Any CPU
		{33A7D077-6DB6-4CED-9FF4-A13F41B5DBF1}.Debug|Any CPU.Build.0 = Debug|Any CPU
		{33A7D077-6DB6-4CED-9FF4-A13F41B5DBF1}.Release|Any CPU.ActiveCfg = Release|Any CPU
		{33A7D077-6DB6-4CED-9FF4-A13F41B5DBF1}.Release|Any CPU.Build.0 = Release|Any CPU
	EndGlobalSection
	GlobalSection(SolutionProperties) = preSolution
		HideSolutionNode = FALSE
	EndGlobalSection
	GlobalSection(ExtensibilityGlobals) = postSolution
		SolutionGuid = {F4AB6234-D095-4935-B50B-2EB59FBDC685}
	EndGlobalSection
EndGlobal
